
Microsoft Visual Studio Solution File, Format Version 12.00
# Visual Studio Version 16
VisualStudioVersion = 16.0.31019.35
MinimumVisualStudioVersion = 10.0.40219.1
Project("{FAE04EC0-301F-11D3-BF4B-00C04F79EFBC}") = "MultipleFileUploader", "MultipleFileUploader.csproj", "{1BDA1C20-14CB-4B46-8908-B03254D99899}"
EndProject
Global
	GlobalSection(SolutionConfigurationPlatforms) = preSolution
		Debug|Any CPU = Debug|Any CPU
		Release|Any CPU = Release|Any CPU
	EndGlobalSection
	GlobalSection(ProjectConfigurationPlatforms) = postSolution
		{1BDA1C20-14CB-4B46-8908-B03254D99899}.Debug|Any CPU.ActiveCfg = Debug|Any CPU
		{1BDA1C20-14CB-4B46-8908-B03254D99899}.Debug|Any CPU.Build.0 = Debug|Any CPU
		{1BDA1C20-14CB-4B46-8908-B03254D99899}.Release|Any CPU.ActiveCfg = Release|Any CPU
		{1BDA1C20-14CB-4B46-8908-B03254D99899}.Release|Any CPU.Build.0 = Release|Any CPU
	EndGlobalSection
	GlobalSection(SolutionProperties) = preSolution
		HideSolutionNode = FALSE
	EndGlobalSection
	GlobalSection(ExtensibilityGlobals) = postSolution
		SolutionGuid = {3C244D13-AD9D-4696-A603-4B666C3E6D51}
	EndGlobalSection
EndGlobal
